
Microsoft Visual Studio Solution File, Format Version 12.00
# Visual Studio Version 17
VisualStudioVersion = 17.7.34202.233
MinimumVisualStudioVersion = 10.0.40219.1
Project("{FAE04EC0-301F-11D3-BF4B-00C04F79EFBC}") = "RomanNumber", "RomanNumber\RomanNumber.csproj", "{5D62996D-4497-4390-92C1-9FE270DADC0A}"
EndProject
Global
	GlobalSection(SolutionConfigurationPlatforms) = preSolution
		Debug|Any CPU = Debug|Any CPU
		Release|Any CPU = Release|Any CPU
	EndGlobalSection
	GlobalSection(ProjectConfigurationPlatforms) = postSolution
		{5D62996D-4497-4390-92C1-9FE270DADC0A}.Debug|Any CPU.ActiveCfg = Debug|Any CPU
		{5D62996D-4497-4390-92C1-9FE270DADC0A}.Debug|Any CPU.Build.0 = Debug|Any CPU
		{5D62996D-4497-4390-92C1-9FE270DADC0A}.Release|Any CPU.ActiveCfg = Release|Any CPU
		{5D62996D-4497-4390-92C1-9FE270DADC0A}.Release|Any CPU.Build.0 = Release|Any CPU
	EndGlobalSection
	GlobalSection(SolutionProperties) = preSolution
		HideSolutionNode = FALSE
	EndGlobalSection
	GlobalSection(ExtensibilityGlobals) = postSolution
		SolutionGuid = {81E7828C-6C81-4F5D-B307-7780E66BF156}
	EndGlobalSection
EndGlobal
